
Microsoft Visual Studio Solution File, Format Version 12.00
# Visual Studio Version 17
VisualStudioVersion = 17.5.33516.290
MinimumVisualStudioVersion = 10.0.40219.1
Project("{E24C65DC-7377-472B-9ABA-BC803B73C61A}") = "WEB-ŞABLON", "..\..\..\Desktop\WEB-ŞABLON\", "{50FD6489-1184-41F1-B08F-9847FF813273}"
	ProjectSection(WebsiteProperties) = preProject
		TargetFrameworkMoniker = ".NETFramework,Version%3Dv4.6.1"
		Debug.AspNetCompiler.VirtualPath = "/localhost_56345"
		Debug.AspNetCompiler.PhysicalPath = "..\..\..\Desktop\WEB-ŞABLON\"
		Debug.AspNetCompiler.TargetPath = "PrecompiledWeb\localhost_56345\"
		Debug.AspNetCompiler.Updateable = "true"
		Debug.AspNetCompiler.ForceOverwrite = "true"
		Debug.AspNetCompiler.FixedNames = "false"
		Debug.AspNetCompiler.Debug = "True"
		Release.AspNetCompiler.VirtualPath = "/localhost_56345"
		Release.AspNetCompiler.PhysicalPath = "..\..\..\Desktop\WEB-ŞABLON\"
		Release.AspNetCompiler.TargetPath = "PrecompiledWeb\localhost_56345\"
		Release.AspNetCompiler.Updateable = "true"
		Release.AspNetCompiler.ForceOverwrite = "true"
		Release.AspNetCompiler.FixedNames = "false"
		Release.AspNetCompiler.Debug = "False"
		VWDPort = "56345"
	EndProjectSection
EndProject
Global
	GlobalSection(SolutionConfigurationPlatforms) = preSolution
		Debug|Any CPU = Debug|Any CPU
	EndGlobalSection
	GlobalSection(ProjectConfigurationPlatforms) = postSolution
		{50FD6489-1184-41F1-B08F-9847FF813273}.Debug|Any CPU.ActiveCfg = Debug|Any CPU
		{50FD6489-1184-41F1-B08F-9847FF813273}.Debug|Any CPU.Build.0 = Debug|Any CPU
	EndGlobalSection
	GlobalSection(SolutionProperties) = preSolution
		HideSolutionNode = FALSE
	EndGlobalSection
	GlobalSection(ExtensibilityGlobals) = postSolution
		SolutionGuid = {45CB828C-DC92-4B67-AF29-DEBD370D5D48}
	EndGlobalSection
EndGlobal
